
Microsoft Visual Studio Solution File, Format Version 12.00
# Visual Studio Version 17
VisualStudioVersion = 17.4.33213.308
MinimumVisualStudioVersion = 10.0.40219.1
Project("{FAE04EC0-301F-11D3-BF4B-00C04F79EFBC}") = "aula1_ex2", "aula1_ex2\aula1_ex2.csproj", "{A3930F37-025D-416E-81BE-D9DBA6A4B59B}"
EndProject
Global
	GlobalSection(SolutionConfigurationPlatforms) = preSolution
		Debug|Any CPU = Debug|Any CPU
		Release|Any CPU = Release|Any CPU
	EndGlobalSection
	GlobalSection(ProjectConfigurationPlatforms) = postSolution
		{A3930F37-025D-416E-81BE-D9DBA6A4B59B}.Debug|Any CPU.ActiveCfg = Debug|Any CPU
		{A3930F37-025D-416E-81BE-D9DBA6A4B59B}.Debug|Any CPU.Build.0 = Debug|Any CPU
		{A3930F37-025D-416E-81BE-D9DBA6A4B59B}.Release|Any CPU.ActiveCfg = Release|Any CPU
		{A3930F37-025D-416E-81BE-D9DBA6A4B59B}.Release|Any CPU.Build.0 = Release|Any CPU
	EndGlobalSection
	GlobalSection(SolutionProperties) = preSolution
		HideSolutionNode = FALSE
	EndGlobalSection
	GlobalSection(ExtensibilityGlobals) = postSolution
		SolutionGuid = {7A30BDB4-4CA5-4C4D-84D3-8ED73E9D5648}
	EndGlobalSection
EndGlobal
